
Microsoft Visual Studio Solution File, Format Version 12.00
# Visual Studio Version 16
VisualStudioVersion = 16.0.31009.191
MinimumVisualStudioVersion = 10.0.40219.1
Project("{FAE04EC0-301F-11D3-BF4B-00C04F79EFBC}") = "DemoJan3", "DemoJan3.csproj", "{F45462BC-FE57-4A63-91AD-8DE8F0629F55}"
EndProject
Global
	GlobalSection(SolutionConfigurationPlatforms) = preSolution
		Debug|Any CPU = Debug|Any CPU
		Release|Any CPU = Release|Any CPU
	EndGlobalSection
	GlobalSection(ProjectConfigurationPlatforms) = postSolution
		{F45462BC-FE57-4A63-91AD-8DE8F0629F55}.Debug|Any CPU.ActiveCfg = Debug|Any CPU
		{F45462BC-FE57-4A63-91AD-8DE8F0629F55}.Debug|Any CPU.Build.0 = Debug|Any CPU
		{F45462BC-FE57-4A63-91AD-8DE8F0629F55}.Release|Any CPU.ActiveCfg = Release|Any CPU
		{F45462BC-FE57-4A63-91AD-8DE8F0629F55}.Release|Any CPU.Build.0 = Release|Any CPU
	EndGlobalSection
	GlobalSection(SolutionProperties) = preSolution
		HideSolutionNode = FALSE
	EndGlobalSection
	GlobalSection(ExtensibilityGlobals) = postSolution
		SolutionGuid = {827DAF7D-CACD-4A39-A5F7-632BCCB42AAE}
	EndGlobalSection
EndGlobal
